# This file is automatically @generated by Cargo.
# It is not intended for manual editing.
[[package]]
name = "hmap"
version = "0.1.0"
source = "registry+https://github.com/rust-lang/crates.io-index"

[[package]]
name = "jazz"
version = "0.1.0"
dependencies = [
 "hmap 0.1.0 (registry+https://github.com/rust-lang/crates.io-index)",
]

[metadata]
"checksum hmap 0.1.0 (registry+https://github.com/rust-lang/crates.io-index)" = "92fbd0445bda1ac099b76a3fbad67668f915f1873cc1d9b47c02889211fa1ace"
